// !$*UTF8*$!
{
	archiveVersion = 1;
	classes = {
	};
	objectVersion = 60;
	objects = {

/* Begin PBXBuildFile section */
		3CF0DBE7A05948A7B56A5D2A /* SurfWebView.swift in Sources */ = {isa = PBXBuildFile; fileRef = 1982DCEE9553F3B72B5E2F5D /* SurfWebView.swift */; };
		4B4619FA8DBD2209C4791B9B /* Assets.xcassets in Resources */ = {isa = PBXBuildFile; fileRef = DF2C8B7797EC29FC0D9D6171 /* Assets.xcassets */; };
		90A9753DF5EBD3CE1C6CAB2A /* KZNSurfApp.swift in Sources */ = {isa = PBXBuildFile; fileRef = 858D721A48A9133EB9CBAFF7 /* KZNSurfApp.swift */; };
		B64DDD0EC3D22E6BFB57B3DC /* WebKit.framework in Frameworks */ = {isa = PBXBuildFile; fileRef = CB50D3EB48CE0C5FF97AAF20 /* WebKit.framework */; };
		CFF975F7269D0B1151154649 /* Web in Resources */ = {isa = PBXBuildFile; fileRef = AB71ED9B94F914EBD4F15854 /* Web */; };
		D424F2F2153C87B6AEB54CAF /* LaunchScreen.storyboard in Resources */ = {isa = PBXBuildFile; fileRef = EE444727B88A37A75C8C90ED /* LaunchScreen.storyboard */; };
/* End PBXBuildFile section */

/* Begin PBXFileReference section */
		01B8105B082B9DEBAEF4774E /* Info.plist */ = {isa = PBXFileReference; lastKnownFileType = text.plist.xml; path = Info.plist; sourceTree = "<group>"; };
		1982DCEE9553F3B72B5E2F5D /* SurfWebView.swift */ = {isa = PBXFileReference; lastKnownFileType = sourcecode.swift; path = SurfWebView.swift; sourceTree = "<group>"; };
		858D721A48A9133EB9CBAFF7 /* KZNSurfApp.swift */ = {isa = PBXFileReference; lastKnownFileType = sourcecode.swift; path = KZNSurfApp.swift; sourceTree = "<group>"; };
		AB71ED9B94F914EBD4F15854 /* Web */ = {isa = PBXFileReference; lastKnownFileType = folder; path = Web; sourceTree = "<group>"; };
		CB50D3EB48CE0C5FF97AAF20 /* WebKit.framework */ = {isa = PBXFileReference; lastKnownFileType = wrapper.framework; name = WebKit.framework; path = System/Library/Frameworks/WebKit.framework; sourceTree = SDKROOT; };
		DF2C8B7797EC29FC0D9D6171 /* Assets.xcassets */ = {isa = PBXFileReference; lastKnownFileType = folder.assetcatalog; path = Assets.xcassets; sourceTree = "<group>"; };
		EE444727B88A37A75C8C90ED /* LaunchScreen.storyboard */ = {isa = PBXFileReference; lastKnownFileType = file.storyboard; path = LaunchScreen.storyboard; sourceTree = "<group>"; };
		FC3F3A79B5930298A9CAE721 /* Surf Journal.app */ = {isa = PBXFileReference; explicitFileType = wrapper.application; includeInIndex = 0; path = "Surf Journal.app"; sourceTree = BUILT_PRODUCTS_DIR; };
/* End PBXFileReference section */

/* Begin PBXFrameworksBuildPhase section */
		A05C0BB668952900BF151343 /* Frameworks */ = {
			isa = PBXFrameworksBuildPhase;
			buildActionMask = 2147483647;
			files = (
				B64DDD0EC3D22E6BFB57B3DC /* WebKit.framework in Frameworks */,
			);
			runOnlyForDeploymentPostprocessing = 0;
		};
/* End PBXFrameworksBuildPhase section */

/* Begin PBXGroup section */
		301EB3F1A9F590FA1B1F9B63 /* Frameworks */ = {
			isa = PBXGroup;
			children = (
				CB50D3EB48CE0C5FF97AAF20 /* WebKit.framework */,
			);
			name = Frameworks;
			sourceTree = "<group>";
		};
		37E90CA9E97E68862011B45F = {
			isa = PBXGroup;
			children = (
				6FC41B7C0F5855AE7E99F02D /* KZNSurfIOS */,
				301EB3F1A9F590FA1B1F9B63 /* Frameworks */,
				5FD541BAD27E6D9B0EE80DB4 /* Products */,
			);
			sourceTree = "<group>";
		};
		5FD541BAD27E6D9B0EE80DB4 /* Products */ = {
			isa = PBXGroup;
			children = (
				FC3F3A79B5930298A9CAE721 /* Surf Journal.app */,
			);
			name = Products;
			sourceTree = "<group>";
		};
		6FC41B7C0F5855AE7E99F02D /* KZNSurfIOS */ = {
			isa = PBXGroup;
			children = (
				858D721A48A9133EB9CBAFF7 /* KZNSurfApp.swift */,
				1982DCEE9553F3B72B5E2F5D /* SurfWebView.swift */,
				01B8105B082B9DEBAEF4774E /* Info.plist */,
				EE444727B88A37A75C8C90ED /* LaunchScreen.storyboard */,
				DF2C8B7797EC29FC0D9D6171 /* Assets.xcassets */,
				AB71ED9B94F914EBD4F15854 /* Web */,
			);
			path = KZNSurfIOS;
			sourceTree = "<group>";
		};
/* End PBXGroup section */

/* Begin PBXNativeTarget section */
		DE7E286681A2A5C3D1AC26C7 /* KZNSurf */ = {
			isa = PBXNativeTarget;
			buildConfigurationList = C8D5761BD05B829BDB992286 /* Build configuration list for PBXNativeTarget "KZNSurf" */;
			buildPhases = (
				0208A03B9118ED9B5504EB89 /* Sources */,
				A05C0BB668952900BF151343 /* Frameworks */,
				534A409CFED0F43E7A5D84B6 /* Resources */,
			);
			buildRules = (
			);
			dependencies = (
			);
			name = KZNSurf;
			productName = KZNSurf;
			productReference = FC3F3A79B5930298A9CAE721 /* Surf Journal.app */;
			productType = "com.apple.product-type.application";
		};
/* End PBXNativeTarget section */

/* Begin PBXProject section */
		4E65052ABA2A8F63EACA4C8F /* Project object */ = {
			isa = PBXProject;
			attributes = {
				BuildIndependentTargetsInParallel = 1;
				LastSwiftUpdateCheck = 2650;
				LastUpgradeCheck = 2650;
				TargetAttributes = {
					DE7E286681A2A5C3D1AC26C7 = {
						CreatedOnToolsVersion = 26.5;
					};
				};
			};
			buildConfigurationList = 9B3FD8ABCCAADFCE1C573A73 /* Build configuration list for PBXProject "KZNSurfIOS" */;
			compatibilityVersion = "Xcode 15.0";
			developmentRegion = en;
			hasScannedForEncodings = 0;
			knownRegions = (
				en,
				Base,
			);
			mainGroup = 37E90CA9E97E68862011B45F;
			productRefGroup = 5FD541BAD27E6D9B0EE80DB4 /* Products */;
			projectDirPath = "";
			projectRoot = "";
			targets = (
				DE7E286681A2A5C3D1AC26C7 /* KZNSurf */,
			);
		};
/* End PBXProject section */

/* Begin PBXResourcesBuildPhase section */
		534A409CFED0F43E7A5D84B6 /* Resources */ = {
			isa = PBXResourcesBuildPhase;
			buildActionMask = 2147483647;
			files = (
				4B4619FA8DBD2209C4791B9B /* Assets.xcassets in Resources */,
				D424F2F2153C87B6AEB54CAF /* LaunchScreen.storyboard in Resources */,
				CFF975F7269D0B1151154649 /* Web in Resources */,
			);
			runOnlyForDeploymentPostprocessing = 0;
		};
/* End PBXResourcesBuildPhase section */

/* Begin PBXSourcesBuildPhase section */
		0208A03B9118ED9B5504EB89 /* Sources */ = {
			isa = PBXSourcesBuildPhase;
			buildActionMask = 2147483647;
			files = (
				90A9753DF5EBD3CE1C6CAB2A /* KZNSurfApp.swift in Sources */,
				3CF0DBE7A05948A7B56A5D2A /* SurfWebView.swift in Sources */,
			);
			runOnlyForDeploymentPostprocessing = 0;
		};
/* End PBXSourcesBuildPhase section */

/* Begin XCBuildConfiguration section */
		CD4B2C3815572FADE2495818 /* Release */ = {
			isa = XCBuildConfiguration;
			buildSettings = {
				ALWAYS_SEARCH_USER_PATHS = NO;
				CLANG_ANALYZER_NONNULL = YES;
				CLANG_ANALYZER_NUMBER_OBJECT_CONVERSION = YES_AGGRESSIVE;
				CLANG_CXX_LANGUAGE_STANDARD = "gnu++20";
				CLANG_ENABLE_MODULES = YES;
				CLANG_ENABLE_OBJC_ARC = YES;
				CLANG_ENABLE_OBJC_WEAK = YES;
				CLANG_WARN_BLOCK_CAPTURE_AUTORELEASING = YES;
				CLANG_WARN_BOOL_CONVERSION = YES;
				CLANG_WARN_COMMA = YES;
				CLANG_WARN_CONSTANT_CONVERSION = YES;
				CLANG_WARN_DEPRECATED_OBJC_IMPLEMENTATIONS = YES;
				CLANG_WARN_DIRECT_OBJC_ISA_USAGE = YES_ERROR;
				CLANG_WARN_DOCUMENTATION_COMMENTS = YES;
				CLANG_WARN_EMPTY_BODY = YES;
				CLANG_WARN_ENUM_CONVERSION = YES;
				CLANG_WARN_INFINITE_RECURSION = YES;
				CLANG_WARN_INT_CONVERSION = YES;
				CLANG_WARN_NON_LITERAL_NULL_CONVERSION = YES;
				CLANG_WARN_OBJC_IMPLICIT_RETAIN_SELF = YES;
				CLANG_WARN_OBJC_LITERAL_CONVERSION = YES;
				CLANG_WARN_OBJC_ROOT_CLASS = YES_ERROR;
				CLANG_WARN_QUOTED_INCLUDE_IN_FRAMEWORK_HEADER = YES;
				CLANG_WARN_RANGE_LOOP_ANALYSIS = YES;
				CLANG_WARN_STRICT_PROTOTYPES = YES;
				CLANG_WARN_SUSPICIOUS_MOVE = YES;
				CLANG_WARN_UNGUARDED_AVAILABILITY = YES_AGGRESSIVE;
				CLANG_WARN_UNREACHABLE_CODE = YES;
				CLANG_WARN__DUPLICATE_METHOD_MATCH = YES;
				COPY_PHASE_STRIP = NO;
				DEBUG_INFORMATION_FORMAT = "dwarf-with-dsym";
				ENABLE_NS_ASSERTIONS = NO;
				ENABLE_STRICT_OBJC_MSGSEND = YES;
				GCC_C_LANGUAGE_STANDARD = gnu17;
				GCC_NO_COMMON_BLOCKS = YES;
				GCC_WARN_64_TO_32_BIT_CONVERSION = YES;
				GCC_WARN_ABOUT_RETURN_TYPE = YES_ERROR;
				GCC_WARN_UNDECLARED_SELECTOR = YES;
				GCC_WARN_UNINITIALIZED_AUTOS = YES_AGGRESSIVE;
				GCC_WARN_UNUSED_FUNCTION = YES;
				GCC_WARN_UNUSED_VARIABLE = YES;
				IPHONEOS_DEPLOYMENT_TARGET = 16.0;
				MTL_ENABLE_DEBUG_INFO = NO;
				MTL_FAST_MATH = YES;
				SDKROOT = iphoneos;
				SWIFT_COMPILATION_MODE = wholemodule;
				SWIFT_OPTIMIZATION_LEVEL = "-O";
				VALIDATE_PRODUCT = YES;
			};
			name = Release;
		};
		DDEF8BD90D7C942B91493BC2 /* Release */ = {
			isa = XCBuildConfiguration;
			buildSettings = {
				ASSETCATALOG_COMPILER_APPICON_NAME = AppIcon;
				ASSETCATALOG_COMPILER_GLOBAL_ACCENT_COLOR_NAME = AccentColor;
				CODE_SIGN_STYLE = Automatic;
				CURRENT_PROJECT_VERSION = 1;
				DEVELOPMENT_TEAM = LH8GC48696;
				GENERATE_INFOPLIST_FILE = NO;
				INFOPLIST_FILE = KZNSurfIOS/Info.plist;
				IPHONEOS_DEPLOYMENT_TARGET = 16.0;
				LD_RUNPATH_SEARCH_PATHS = (
					"$(inherited)",
					"@executable_path/Frameworks",
				);
				MARKETING_VERSION = 1.0;
				PRODUCT_BUNDLE_IDENTIFIER = com.thomasstevejessop.kznsurf;
				PRODUCT_MODULE_NAME = KZNSurf;
				PRODUCT_NAME = "Surf Journal";
				SDKROOT = iphoneos;
				SUPPORTED_PLATFORMS = "iphoneos iphonesimulator";
				SUPPORTS_MACCATALYST = NO;
				SUPPORTS_MAC_DESIGNED_FOR_IPHONE_IPAD = NO;
				SWIFT_EMIT_LOC_STRINGS = YES;
				SWIFT_VERSION = 5.0;
				TARGETED_DEVICE_FAMILY = 1;
			};
			name = Release;
		};
		E293966737C9B9B4747CCD36 /* Debug */ = {
			isa = XCBuildConfiguration;
			buildSettings = {
				ALWAYS_SEARCH_USER_PATHS = NO;
				CLANG_ANALYZER_NONNULL = YES;
				CLANG_ANALYZER_NUMBER_OBJECT_CONVERSION = YES_AGGRESSIVE;
				CLANG_CXX_LANGUAGE_STANDARD = "gnu++20";
				CLANG_ENABLE_MODULES = YES;
				CLANG_ENABLE_OBJC_ARC = YES;
				CLANG_ENABLE_OBJC_WEAK = YES;
				CLANG_WARN_BLOCK_CAPTURE_AUTORELEASING = YES;
				CLANG_WARN_BOOL_CONVERSION = YES;
				CLANG_WARN_COMMA = YES;
				CLANG_WARN_CONSTANT_CONVERSION = YES;
				CLANG_WARN_DEPRECATED_OBJC_IMPLEMENTATIONS = YES;
				CLANG_WARN_DIRECT_OBJC_ISA_USAGE = YES_ERROR;
				CLANG_WARN_DOCUMENTATION_COMMENTS = YES;
				CLANG_WARN_EMPTY_BODY = YES;
				CLANG_WARN_ENUM_CONVERSION = YES;
				CLANG_WARN_INFINITE_RECURSION = YES;
				CLANG_WARN_INT_CONVERSION = YES;
				CLANG_WARN_NON_LITERAL_NULL_CONVERSION = YES;
				CLANG_WARN_OBJC_IMPLICIT_RETAIN_SELF = YES;
				CLANG_WARN_OBJC_LITERAL_CONVERSION = YES;
				CLANG_WARN_OBJC_ROOT_CLASS = YES_ERROR;
				CLANG_WARN_QUOTED_INCLUDE_IN_FRAMEWORK_HEADER = YES;
				CLANG_WARN_RANGE_LOOP_ANALYSIS = YES;
				CLANG_WARN_STRICT_PROTOTYPES = YES;
				CLANG_WARN_SUSPICIOUS_MOVE = YES;
				CLANG_WARN_UNGUARDED_AVAILABILITY = YES_AGGRESSIVE;
				CLANG_WARN_UNREACHABLE_CODE = YES;
				CLANG_WARN__DUPLICATE_METHOD_MATCH = YES;
				COPY_PHASE_STRIP = NO;
				DEBUG_INFORMATION_FORMAT = dwarf;
				ENABLE_STRICT_OBJC_MSGSEND = YES;
				ENABLE_TESTABILITY = YES;
				GCC_C_LANGUAGE_STANDARD = gnu17;
				GCC_DYNAMIC_NO_PIC = NO;
				GCC_NO_COMMON_BLOCKS = YES;
				GCC_OPTIMIZATION_LEVEL = 0;
				GCC_PREPROCESSOR_DEFINITIONS = (
					"DEBUG=1",
					"$(inherited)",
				);
				GCC_WARN_64_TO_32_BIT_CONVERSION = YES;
				GCC_WARN_ABOUT_RETURN_TYPE = YES_ERROR;
				GCC_WARN_UNDECLARED_SELECTOR = YES;
				GCC_WARN_UNINITIALIZED_AUTOS = YES_AGGRESSIVE;
				GCC_WARN_UNUSED_FUNCTION = YES;
				GCC_WARN_UNUSED_VARIABLE = YES;
				IPHONEOS_DEPLOYMENT_TARGET = 16.0;
				MTL_ENABLE_DEBUG_INFO = INCLUDE_SOURCE;
				MTL_FAST_MATH = YES;
				ONLY_ACTIVE_ARCH = YES;
				SDKROOT = iphoneos;
				SWIFT_ACTIVE_COMPILATION_CONDITIONS = DEBUG;
				SWIFT_OPTIMIZATION_LEVEL = "-Onone";
			};
			name = Debug;
		};
		F2DAC8885FE10DE3DE735CCD /* Debug */ = {
			isa = XCBuildConfiguration;
			buildSettings = {
				ASSETCATALOG_COMPILER_APPICON_NAME = AppIcon;
				ASSETCATALOG_COMPILER_GLOBAL_ACCENT_COLOR_NAME = AccentColor;
				CODE_SIGN_STYLE = Automatic;
				CURRENT_PROJECT_VERSION = 1;
				DEVELOPMENT_TEAM = LH8GC48696;
				GENERATE_INFOPLIST_FILE = NO;
				INFOPLIST_FILE = KZNSurfIOS/Info.plist;
				IPHONEOS_DEPLOYMENT_TARGET = 16.0;
				LD_RUNPATH_SEARCH_PATHS = (
					"$(inherited)",
					"@executable_path/Frameworks",
				);
				MARKETING_VERSION = 1.0;
				PRODUCT_BUNDLE_IDENTIFIER = com.thomasstevejessop.kznsurf;
				PRODUCT_MODULE_NAME = KZNSurf;
				PRODUCT_NAME = "Surf Journal";
				SDKROOT = iphoneos;
				SUPPORTED_PLATFORMS = "iphoneos iphonesimulator";
				SUPPORTS_MACCATALYST = NO;
				SUPPORTS_MAC_DESIGNED_FOR_IPHONE_IPAD = NO;
				SWIFT_EMIT_LOC_STRINGS = YES;
				SWIFT_VERSION = 5.0;
				TARGETED_DEVICE_FAMILY = 1;
			};
			name = Debug;
		};
/* End XCBuildConfiguration section */

/* Begin XCConfigurationList section */
		9B3FD8ABCCAADFCE1C573A73 /* Build configuration list for PBXProject "KZNSurfIOS" */ = {
			isa = XCConfigurationList;
			buildConfigurations = (
				E293966737C9B9B4747CCD36 /* Debug */,
				CD4B2C3815572FADE2495818 /* Release */,
			);
			defaultConfigurationIsVisible = 0;
			defaultConfigurationName = Release;
		};
		C8D5761BD05B829BDB992286 /* Build configuration list for PBXNativeTarget "KZNSurf" */ = {
			isa = XCConfigurationList;
			buildConfigurations = (
				F2DAC8885FE10DE3DE735CCD /* Debug */,
				DDEF8BD90D7C942B91493BC2 /* Release */,
			);
			defaultConfigurationIsVisible = 0;
			defaultConfigurationName = Release;
		};
/* End XCConfigurationList section */
	};
	rootObject = 4E65052ABA2A8F63EACA4C8F /* Project object */;
}
